
Microsoft Visual Studio Solution File, Format Version 12.00
# Visual Studio Version 17
VisualStudioVersion = 17.9.34607.119
MinimumVisualStudioVersion = 10.0.40219.1
Project("{FAE04EC0-301F-11D3-BF4B-00C04F79EFBC}") = "CNPJ", "CNPJ\CNPJ.csproj", "{DD51A866-7A4A-4704-A70D-43E3A46D12E5}"
EndProject
Global
	GlobalSection(SolutionConfigurationPlatforms) = preSolution
		Debug|Any CPU = Debug|Any CPU
		Release|Any CPU = Release|Any CPU
	EndGlobalSection
	GlobalSection(ProjectConfigurationPlatforms) = postSolution
		{DD51A866-7A4A-4704-A70D-43E3A46D12E5}.Debug|Any CPU.ActiveCfg = Debug|Any CPU
		{DD51A866-7A4A-4704-A70D-43E3A46D12E5}.Debug|Any CPU.Build.0 = Debug|Any CPU
		{DD51A866-7A4A-4704-A70D-43E3A46D12E5}.Release|Any CPU.ActiveCfg = Release|Any CPU
		{DD51A866-7A4A-4704-A70D-43E3A46D12E5}.Release|Any CPU.Build.0 = Release|Any CPU
	EndGlobalSection
	GlobalSection(SolutionProperties) = preSolution
		HideSolutionNode = FALSE
	EndGlobalSection
	GlobalSection(ExtensibilityGlobals) = postSolution
		SolutionGuid = {2A28FC79-211F-4230-9F82-87271F7F3675}
	EndGlobalSection
EndGlobal
